<?xml version="1.0" encoding="utf-8"?>
<Project ToolsVersion="4.0" xmlns="http://schemas.microsoft.com/developer/msbuild/2003">
  <ItemGroup>
    <ClCompile Include="main.cpp" />
    <ClCompile Include="PKG_class_lite.cpp" />
  </ItemGroup>
  <ItemGroup>
    <None Include="PKG_class_lite.cpp.inc" />
    <None Include="PKG_class_lite.h.inc" />
    <None Include="Classes.cs" />
  </ItemGroup>
  <ItemGroup>
    <ClInclude Include="PKG_class_lite.h" />
  </ItemGroup>
</Project>